
Microsoft Visual Studio Solution File, Format Version 12.00
# Visual Studio Version 16
VisualStudioVersion = 16.0.32126.315
MinimumVisualStudioVersion = 10.0.40219.1
Project("{159641D6-6404-4A2A-AE62-294DE0FE8301}") = "Export data from Sql Server to Excel", "Export data from Sql Server to Excel\Export data from Sql Server to Excel.dtproj", "{FF8AA9AC-3674-4DCB-8D67-CB178F528BDF}"
EndProject
Global
	GlobalSection(SolutionConfigurationPlatforms) = preSolution
		Development|Default = Development|Default
	EndGlobalSection
	GlobalSection(ProjectConfigurationPlatforms) = postSolution
		{FF8AA9AC-3674-4DCB-8D67-CB178F528BDF}.Development|Default.ActiveCfg = Development
		{FF8AA9AC-3674-4DCB-8D67-CB178F528BDF}.Development|Default.Build.0 = Development
	EndGlobalSection
	GlobalSection(SolutionProperties) = preSolution
		HideSolutionNode = FALSE
	EndGlobalSection
	GlobalSection(ExtensibilityGlobals) = postSolution
		SolutionGuid = {88224738-CBB1-4026-BA2F-94D928C04765}
	EndGlobalSection
EndGlobal
